// !$*UTF8*$!
{
	archiveVersion = 1;
	classes = {
	};
	objectVersion = 56;
	objects = {

/* Begin PBXBuildFile section */
		0D72A19A2BA4167900BE5556 /* AnimeTierListApp.swift in Sources */ = {isa = PBXBuildFile; fileRef = 0D72A1992BA4167900BE5556 /* AnimeTierListApp.swift */; };
		0D72A19C2BA4167900BE5556 /* ContentView.swift in Sources */ = {isa = PBXBuildFile; fileRef = 0D72A19B2BA4167900BE5556 /* ContentView.swift */; };
		0D72A19E2BA4167A00BE5556 /* Assets.xcassets in Resources */ = {isa = PBXBuildFile; fileRef = 0D72A19D2BA4167A00BE5556 /* Assets.xcassets */; };
		0D72A1A12BA4167A00BE5556 /* Preview Assets.xcassets in Resources */ = {isa = PBXBuildFile; fileRef = 0D72A1A02BA4167A00BE5556 /* Preview Assets.xcassets */; };
		0D72A1A32BA4167A00BE5556 /* Persistence.swift in Sources */ = {isa = PBXBuildFile; fileRef = 0D72A1A22BA4167A00BE5556 /* Persistence.swift */; };
		0D72A1A62BA4167A00BE5556 /* AnimeTierList.xcdatamodeld in Sources */ = {isa = PBXBuildFile; fileRef = 0D72A1A42BA4167A00BE5556 /* AnimeTierList.xcdatamodeld */; };
		0D72A1B02BA4167A00BE5556 /* AnimeTierListTests.swift in Sources */ = {isa = PBXBuildFile; fileRef = 0D72A1AF2BA4167A00BE5556 /* AnimeTierListTests.swift */; };
		0D72A1BA2BA4167A00BE5556 /* AnimeTierListUITests.swift in Sources */ = {isa = PBXBuildFile; fileRef = 0D72A1B92BA4167A00BE5556 /* AnimeTierListUITests.swift */; };
		0D72A1BC2BA4167A00BE5556 /* AnimeTierListUITestsLaunchTests.swift in Sources */ = {isa = PBXBuildFile; fileRef = 0D72A1BB2BA4167A00BE5556 /* AnimeTierListUITestsLaunchTests.swift */; };
		0D72A1C92BA417AE00BE5556 /* SplashView.swift in Sources */ = {isa = PBXBuildFile; fileRef = 0D72A1C82BA417AE00BE5556 /* SplashView.swift */; };
		0D72A1E52BA424E600BE5556 /* HomeView.swift in Sources */ = {isa = PBXBuildFile; fileRef = 0D72A1E42BA424E600BE5556 /* HomeView.swift */; };
		0D72A1E62BA424E900BE5556 /* HomeView.swift in Sources */ = {isa = PBXBuildFile; fileRef = 0D72A1E42BA424E600BE5556 /* HomeView.swift */; };
		0D72A1E72BA424EA00BE5556 /* HomeView.swift in Sources */ = {isa = PBXBuildFile; fileRef = 0D72A1E42BA424E600BE5556 /* HomeView.swift */; };
		0D72A1EA2BA424FE00BE5556 /* TierListView.swift in Sources */ = {isa = PBXBuildFile; fileRef = 0D72A1E92BA424FE00BE5556 /* TierListView.swift */; };
		0D72A1EB2BA424FE00BE5556 /* TierListView.swift in Sources */ = {isa = PBXBuildFile; fileRef = 0D72A1E92BA424FE00BE5556 /* TierListView.swift */; };
		0D72A1EC2BA424FE00BE5556 /* TierListView.swift in Sources */ = {isa = PBXBuildFile; fileRef = 0D72A1E92BA424FE00BE5556 /* TierListView.swift */; };
		0D72A1EE2BA4250400BE5556 /* CommunityView.swift in Sources */ = {isa = PBXBuildFile; fileRef = 0D72A1ED2BA4250400BE5556 /* CommunityView.swift */; };
		0D72A1EF2BA4250400BE5556 /* CommunityView.swift in Sources */ = {isa = PBXBuildFile; fileRef = 0D72A1ED2BA4250400BE5556 /* CommunityView.swift */; };
		0D72A1F02BA4250400BE5556 /* CommunityView.swift in Sources */ = {isa = PBXBuildFile; fileRef = 0D72A1ED2BA4250400BE5556 /* CommunityView.swift */; };
		0D72A1F22BA4250900BE5556 /* SearchView.swift in Sources */ = {isa = PBXBuildFile; fileRef = 0D72A1F12BA4250900BE5556 /* SearchView.swift */; };
		0D72A1F32BA4250900BE5556 /* SearchView.swift in Sources */ = {isa = PBXBuildFile; fileRef = 0D72A1F12BA4250900BE5556 /* SearchView.swift */; };
		0D72A1F42BA4250900BE5556 /* SearchView.swift in Sources */ = {isa = PBXBuildFile; fileRef = 0D72A1F12BA4250900BE5556 /* SearchView.swift */; };
		0D72A1F62BA4250E00BE5556 /* ProfileView.swift in Sources */ = {isa = PBXBuildFile; fileRef = 0D72A1F52BA4250E00BE5556 /* ProfileView.swift */; };
		0D72A1F72BA4250E00BE5556 /* ProfileView.swift in Sources */ = {isa = PBXBuildFile; fileRef = 0D72A1F52BA4250E00BE5556 /* ProfileView.swift */; };
		0D72A1F82BA4250E00BE5556 /* ProfileView.swift in Sources */ = {isa = PBXBuildFile; fileRef = 0D72A1F52BA4250E00BE5556 /* ProfileView.swift */; };
		0D72A1FB2BA43E5700BE5556 /* Kingfisher in Frameworks */ = {isa = PBXBuildFile; productRef = 0D72A1FA2BA43E5700BE5556 /* Kingfisher */; };
		0D72A1FD2BA443FA00BE5556 /* GoogleService-Info.plist in Resources */ = {isa = PBXBuildFile; fileRef = 0D72A1FC2BA443FA00BE5556 /* GoogleService-Info.plist */; };
		0D72A1FE2BA443FA00BE5556 /* GoogleService-Info.plist in Resources */ = {isa = PBXBuildFile; fileRef = 0D72A1FC2BA443FA00BE5556 /* GoogleService-Info.plist */; };
		0D72A1FF2BA443FA00BE5556 /* GoogleService-Info.plist in Resources */ = {isa = PBXBuildFile; fileRef = 0D72A1FC2BA443FA00BE5556 /* GoogleService-Info.plist */; };
		0D72A2022BA444A300BE5556 /* FirebaseAnalytics in Frameworks */ = {isa = PBXBuildFile; productRef = 0D72A2012BA444A300BE5556 /* FirebaseAnalytics */; };
		0D72A2042BA444A300BE5556 /* FirebaseAuth in Frameworks */ = {isa = PBXBuildFile; productRef = 0D72A2032BA444A300BE5556 /* FirebaseAuth */; };
		0D72A2062BA444A300BE5556 /* FirebaseCrashlytics in Frameworks */ = {isa = PBXBuildFile; productRef = 0D72A2052BA444A300BE5556 /* FirebaseCrashlytics */; };
		0D72A2082BA444A300BE5556 /* FirebaseFirestore in Frameworks */ = {isa = PBXBuildFile; productRef = 0D72A2072BA444A300BE5556 /* FirebaseFirestore */; };
		0D72A20A2BA444A300BE5556 /* FirebaseFirestoreSwift in Frameworks */ = {isa = PBXBuildFile; productRef = 0D72A2092BA444A300BE5556 /* FirebaseFirestoreSwift */; };
		0D72A20C2BA444A300BE5556 /* FirebaseFunctions in Frameworks */ = {isa = PBXBuildFile; productRef = 0D72A20B2BA444A300BE5556 /* FirebaseFunctions */; };
		0D72A20E2BA444A300BE5556 /* FirebaseRemoteConfig in Frameworks */ = {isa = PBXBuildFile; productRef = 0D72A20D2BA444A300BE5556 /* FirebaseRemoteConfig */; };
		0D72A2102BA444A300BE5556 /* FirebaseStorage in Frameworks */ = {isa = PBXBuildFile; productRef = 0D72A20F2BA444A300BE5556 /* FirebaseStorage */; };
/* End PBXBuildFile section */

/* Begin PBXContainerItemProxy section */
		0D72A1AC2BA4167A00BE5556 /* PBXContainerItemProxy */ = {
			isa = PBXContainerItemProxy;
			containerPortal = 0D72A18E2BA4167800BE5556 /* Project object */;
			proxyType = 1;
			remoteGlobalIDString = 0D72A1952BA4167900BE5556;
			remoteInfo = AnimeTierList;
		};
		0D72A1B62BA4167A00BE5556 /* PBXContainerItemProxy */ = {
			isa = PBXContainerItemProxy;
			containerPortal = 0D72A18E2BA4167800BE5556 /* Project object */;
			proxyType = 1;
			remoteGlobalIDString = 0D72A1952BA4167900BE5556;
			remoteInfo = AnimeTierList;
		};
/* End PBXContainerItemProxy section */

/* Begin PBXFileReference section */
		0D72A1962BA4167900BE5556 /* AnimeTierList.app */ = {isa = PBXFileReference; explicitFileType = wrapper.application; includeInIndex = 0; path = AnimeTierList.app; sourceTree = BUILT_PRODUCTS_DIR; };
		0D72A1992BA4167900BE5556 /* AnimeTierListApp.swift */ = {isa = PBXFileReference; lastKnownFileType = sourcecode.swift; path = AnimeTierListApp.swift; sourceTree = "<group>"; };
		0D72A19B2BA4167900BE5556 /* ContentView.swift */ = {isa = PBXFileReference; lastKnownFileType = sourcecode.swift; path = ContentView.swift; sourceTree = "<group>"; };
		0D72A19D2BA4167A00BE5556 /* Assets.xcassets */ = {isa = PBXFileReference; lastKnownFileType = folder.assetcatalog; path = Assets.xcassets; sourceTree = "<group>"; };
		0D72A1A02BA4167A00BE5556 /* Preview Assets.xcassets */ = {isa = PBXFileReference; lastKnownFileType = folder.assetcatalog; path = "Preview Assets.xcassets"; sourceTree = "<group>"; };
		0D72A1A22BA4167A00BE5556 /* Persistence.swift */ = {isa = PBXFileReference; lastKnownFileType = sourcecode.swift; path = Persistence.swift; sourceTree = "<group>"; };
		0D72A1A52BA4167A00BE5556 /* AnimeTierList.xcdatamodel */ = {isa = PBXFileReference; lastKnownFileType = wrapper.xcdatamodel; path = AnimeTierList.xcdatamodel; sourceTree = "<group>"; };
		0D72A1AB2BA4167A00BE5556 /* AnimeTierListTests.xctest */ = {isa = PBXFileReference; explicitFileType = wrapper.cfbundle; includeInIndex = 0; path = AnimeTierListTests.xctest; sourceTree = BUILT_PRODUCTS_DIR; };
		0D72A1AF2BA4167A00BE5556 /* AnimeTierListTests.swift */ = {isa = PBXFileReference; lastKnownFileType = sourcecode.swift; path = AnimeTierListTests.swift; sourceTree = "<group>"; };
		0D72A1B52BA4167A00BE5556 /* AnimeTierListUITests.xctest */ = {isa = PBXFileReference; explicitFileType = wrapper.cfbundle; includeInIndex = 0; path = AnimeTierListUITests.xctest; sourceTree = BUILT_PRODUCTS_DIR; };
		0D72A1B92BA4167A00BE5556 /* AnimeTierListUITests.swift */ = {isa = PBXFileReference; lastKnownFileType = sourcecode.swift; path = AnimeTierListUITests.swift; sourceTree = "<group>"; };
		0D72A1BB2BA4167A00BE5556 /* AnimeTierListUITestsLaunchTests.swift */ = {isa = PBXFileReference; lastKnownFileType = sourcecode.swift; path = AnimeTierListUITestsLaunchTests.swift; sourceTree = "<group>"; };
		0D72A1C82BA417AE00BE5556 /* SplashView.swift */ = {isa = PBXFileReference; lastKnownFileType = sourcecode.swift; path = SplashView.swift; sourceTree = "<group>"; };
		0D72A1E42BA424E600BE5556 /* HomeView.swift */ = {isa = PBXFileReference; lastKnownFileType = sourcecode.swift; path = HomeView.swift; sourceTree = "<group>"; };
		0D72A1E92BA424FE00BE5556 /* TierListView.swift */ = {isa = PBXFileReference; lastKnownFileType = sourcecode.swift; path = TierListView.swift; sourceTree = "<group>"; };
		0D72A1ED2BA4250400BE5556 /* CommunityView.swift */ = {isa = PBXFileReference; lastKnownFileType = sourcecode.swift; path = CommunityView.swift; sourceTree = "<group>"; };
		0D72A1F12BA4250900BE5556 /* SearchView.swift */ = {isa = PBXFileReference; lastKnownFileType = sourcecode.swift; path = SearchView.swift; sourceTree = "<group>"; };
		0D72A1F52BA4250E00BE5556 /* ProfileView.swift */ = {isa = PBXFileReference; lastKnownFileType = sourcecode.swift; path = ProfileView.swift; sourceTree = "<group>"; };
		0D72A1FC2BA443FA00BE5556 /* GoogleService-Info.plist */ = {isa = PBXFileReference; fileEncoding = 4; lastKnownFileType = text.plist.xml; path = "GoogleService-Info.plist"; sourceTree = "<group>"; };
/* End PBXFileReference section */

/* Begin PBXFrameworksBuildPhase section */
		0D72A1932BA4167900BE5556 /* Frameworks */ = {
			isa = PBXFrameworksBuildPhase;
			buildActionMask = 2147483647;
			files = (
				0D72A2022BA444A300BE5556 /* FirebaseAnalytics in Frameworks */,
				0D72A20C2BA444A300BE5556 /* FirebaseFunctions in Frameworks */,
				0D72A2102BA444A300BE5556 /* FirebaseStorage in Frameworks */,
				0D72A2062BA444A300BE5556 /* FirebaseCrashlytics in Frameworks */,
				0D72A2042BA444A300BE5556 /* FirebaseAuth in Frameworks */,
				0D72A2082BA444A300BE5556 /* FirebaseFirestore in Frameworks */,
				0D72A1FB2BA43E5700BE5556 /* Kingfisher in Frameworks */,
				0D72A20A2BA444A300BE5556 /* FirebaseFirestoreSwift in Frameworks */,
				0D72A20E2BA444A300BE5556 /* FirebaseRemoteConfig in Frameworks */,
			);
			runOnlyForDeploymentPostprocessing = 0;
		};
		0D72A1A82BA4167A00BE5556 /* Frameworks */ = {
			isa = PBXFrameworksBuildPhase;
			buildActionMask = 2147483647;
			files = (
			);
			runOnlyForDeploymentPostprocessing = 0;
		};
		0D72A1B22BA4167A00BE5556 /* Frameworks */ = {
			isa = PBXFrameworksBuildPhase;
			buildActionMask = 2147483647;
			files = (
			);
			runOnlyForDeploymentPostprocessing = 0;
		};
/* End PBXFrameworksBuildPhase section */

/* Begin PBXGroup section */
		0D72A18D2BA4167800BE5556 = {
			isa = PBXGroup;
			children = (
				0D72A1982BA4167900BE5556 /* AnimeTierList */,
				0D72A1AE2BA4167A00BE5556 /* AnimeTierListTests */,
				0D72A1B82BA4167A00BE5556 /* AnimeTierListUITests */,
				0D72A1972BA4167900BE5556 /* Products */,
			);
			sourceTree = "<group>";
		};
		0D72A1972BA4167900BE5556 /* Products */ = {
			isa = PBXGroup;
			children = (
				0D72A1962BA4167900BE5556 /* AnimeTierList.app */,
				0D72A1AB2BA4167A00BE5556 /* AnimeTierListTests.xctest */,
				0D72A1B52BA4167A00BE5556 /* AnimeTierListUITests.xctest */,
			);
			name = Products;
			sourceTree = "<group>";
		};
		0D72A1982BA4167900BE5556 /* AnimeTierList */ = {
			isa = PBXGroup;
			children = (
				0D72A1CC2BA41B6E00BE5556 /* App */,
				0D72A1D12BA41B8500BE5556 /* Core */,
				0D72A1D02BA41B8100BE5556 /* Extensions */,
				0D72A1CF2BA41B7E00BE5556 /* Model */,
				0D72A1CE2BA41B7A00BE5556 /* Services */,
				0D72A1CD2BA41B7200BE5556 /* Utils */,
				0D72A19D2BA4167A00BE5556 /* Assets.xcassets */,
				0D72A1FC2BA443FA00BE5556 /* GoogleService-Info.plist */,
				0D72A19F2BA4167A00BE5556 /* Preview Content */,
			);
			path = AnimeTierList;
			sourceTree = "<group>";
		};
		0D72A19F2BA4167A00BE5556 /* Preview Content */ = {
			isa = PBXGroup;
			children = (
				0D72A1A02BA4167A00BE5556 /* Preview Assets.xcassets */,
			);
			path = "Preview Content";
			sourceTree = "<group>";
		};
		0D72A1AE2BA4167A00BE5556 /* AnimeTierListTests */ = {
			isa = PBXGroup;
			children = (
				0D72A1AF2BA4167A00BE5556 /* AnimeTierListTests.swift */,
			);
			path = AnimeTierListTests;
			sourceTree = "<group>";
		};
		0D72A1B82BA4167A00BE5556 /* AnimeTierListUITests */ = {
			isa = PBXGroup;
			children = (
				0D72A1B92BA4167A00BE5556 /* AnimeTierListUITests.swift */,
				0D72A1BB2BA4167A00BE5556 /* AnimeTierListUITestsLaunchTests.swift */,
			);
			path = AnimeTierListUITests;
			sourceTree = "<group>";
		};
		0D72A1CC2BA41B6E00BE5556 /* App */ = {
			isa = PBXGroup;
			children = (
				0D72A1992BA4167900BE5556 /* AnimeTierListApp.swift */,
			);
			path = App;
			sourceTree = "<group>";
		};
		0D72A1CD2BA41B7200BE5556 /* Utils */ = {
			isa = PBXGroup;
			children = (
			);
			path = Utils;
			sourceTree = "<group>";
		};
		0D72A1CE2BA41B7A00BE5556 /* Services */ = {
			isa = PBXGroup;
			children = (
			);
			path = Services;
			sourceTree = "<group>";
		};
		0D72A1CF2BA41B7E00BE5556 /* Model */ = {
			isa = PBXGroup;
			children = (
				0D72A1A22BA4167A00BE5556 /* Persistence.swift */,
				0D72A1A42BA4167A00BE5556 /* AnimeTierList.xcdatamodeld */,
			);
			path = Model;
			sourceTree = "<group>";
		};
		0D72A1D02BA41B8100BE5556 /* Extensions */ = {
			isa = PBXGroup;
			children = (
			);
			path = Extensions;
			sourceTree = "<group>";
		};
		0D72A1D12BA41B8500BE5556 /* Core */ = {
			isa = PBXGroup;
			children = (
				0D72A1D22BA41BBB00BE5556 /* Root */,
				0D72A1D32BA4244E00BE5556 /* Home */,
				0D72A1D72BA4246000BE5556 /* TierList */,
				0D72A1D62BA4245C00BE5556 /* Community */,
				0D72A1D52BA4245900BE5556 /* Search */,
				0D72A1D42BA4245300BE5556 /* Profile */,
			);
			path = Core;
			sourceTree = "<group>";
		};
		0D72A1D22BA41BBB00BE5556 /* Root */ = {
			isa = PBXGroup;
			children = (
				0D72A1D92BA424BB00BE5556 /* View */,
				0D72A1D82BA424B300BE5556 /* ViewModel */,
			);
			path = Root;
			sourceTree = "<group>";
		};
		0D72A1D32BA4244E00BE5556 /* Home */ = {
			isa = PBXGroup;
			children = (
				0D72A1DB2BA424C700BE5556 /* View */,
				0D72A1DA2BA424C400BE5556 /* ViewModel */,
			);
			path = Home;
			sourceTree = "<group>";
		};
		0D72A1D42BA4245300BE5556 /* Profile */ = {
			isa = PBXGroup;
			children = (
				0D72A1E32BA424DD00BE5556 /* View */,
				0D72A1E22BA424DA00BE5556 /* ViewModel */,
			);
			path = Profile;
			sourceTree = "<group>";
		};
		0D72A1D52BA4245900BE5556 /* Search */ = {
			isa = PBXGroup;
			children = (
				0D72A1E12BA424D800BE5556 /* View */,
				0D72A1E02BA424D600BE5556 /* ViewModel */,
			);
			path = Search;
			sourceTree = "<group>";
		};
		0D72A1D62BA4245C00BE5556 /* Community */ = {
			isa = PBXGroup;
			children = (
				0D72A1DF2BA424D400BE5556 /* View */,
				0D72A1DE2BA424D100BE5556 /* ViewModel */,
			);
			path = Community;
			sourceTree = "<group>";
		};
		0D72A1D72BA4246000BE5556 /* TierList */ = {
			isa = PBXGroup;
			children = (
				0D72A1DD2BA424CF00BE5556 /* View */,
				0D72A1DC2BA424CD00BE5556 /* ViewModel */,
			);
			path = TierList;
			sourceTree = "<group>";
		};
		0D72A1D82BA424B300BE5556 /* ViewModel */ = {
			isa = PBXGroup;
			children = (
			);
			path = ViewModel;
			sourceTree = "<group>";
		};
		0D72A1D92BA424BB00BE5556 /* View */ = {
			isa = PBXGroup;
			children = (
				0D72A1C82BA417AE00BE5556 /* SplashView.swift */,
				0D72A19B2BA4167900BE5556 /* ContentView.swift */,
			);
			path = View;
			sourceTree = "<group>";
		};
		0D72A1DA2BA424C400BE5556 /* ViewModel */ = {
			isa = PBXGroup;
			children = (
			);
			path = ViewModel;
			sourceTree = "<group>";
		};
		0D72A1DB2BA424C700BE5556 /* View */ = {
			isa = PBXGroup;
			children = (
				0D72A1E42BA424E600BE5556 /* HomeView.swift */,
			);
			path = View;
			sourceTree = "<group>";
		};
		0D72A1DC2BA424CD00BE5556 /* ViewModel */ = {
			isa = PBXGroup;
			children = (
			);
			path = ViewModel;
			sourceTree = "<group>";
		};
		0D72A1DD2BA424CF00BE5556 /* View */ = {
			isa = PBXGroup;
			children = (
				0D72A1E92BA424FE00BE5556 /* TierListView.swift */,
			);
			path = View;
			sourceTree = "<group>";
		};
		0D72A1DE2BA424D100BE5556 /* ViewModel */ = {
			isa = PBXGroup;
			children = (
			);
			path = ViewModel;
			sourceTree = "<group>";
		};
		0D72A1DF2BA424D400BE5556 /* View */ = {
			isa = PBXGroup;
			children = (
				0D72A1ED2BA4250400BE5556 /* CommunityView.swift */,
			);
			path = View;
			sourceTree = "<group>";
		};
		0D72A1E02BA424D600BE5556 /* ViewModel */ = {
			isa = PBXGroup;
			children = (
			);
			path = ViewModel;
			sourceTree = "<group>";
		};
		0D72A1E12BA424D800BE5556 /* View */ = {
			isa = PBXGroup;
			children = (
				0D72A1F12BA4250900BE5556 /* SearchView.swift */,
			);
			path = View;
			sourceTree = "<group>";
		};
		0D72A1E22BA424DA00BE5556 /* ViewModel */ = {
			isa = PBXGroup;
			children = (
			);
			path = ViewModel;
			sourceTree = "<group>";
		};
		0D72A1E32BA424DD00BE5556 /* View */ = {
			isa = PBXGroup;
			children = (
				0D72A1F52BA4250E00BE5556 /* ProfileView.swift */,
			);
			path = View;
			sourceTree = "<group>";
		};
/* End PBXGroup section */

/* Begin PBXNativeTarget section */
		0D72A1952BA4167900BE5556 /* AnimeTierList */ = {
			isa = PBXNativeTarget;
			buildConfigurationList = 0D72A1BF2BA4167A00BE5556 /* Build configuration list for PBXNativeTarget "AnimeTierList" */;
			buildPhases = (
				0D72A1922BA4167900BE5556 /* Sources */,
				0D72A1932BA4167900BE5556 /* Frameworks */,
				0D72A1942BA4167900BE5556 /* Resources */,
			);
			buildRules = (
			);
			dependencies = (
			);
			name = AnimeTierList;
			packageProductDependencies = (
				0D72A1FA2BA43E5700BE5556 /* Kingfisher */,
				0D72A2012BA444A300BE5556 /* FirebaseAnalytics */,
				0D72A2032BA444A300BE5556 /* FirebaseAuth */,
				0D72A2052BA444A300BE5556 /* FirebaseCrashlytics */,
				0D72A2072BA444A300BE5556 /* FirebaseFirestore */,
				0D72A2092BA444A300BE5556 /* FirebaseFirestoreSwift */,
				0D72A20B2BA444A300BE5556 /* FirebaseFunctions */,
				0D72A20D2BA444A300BE5556 /* FirebaseRemoteConfig */,
				0D72A20F2BA444A300BE5556 /* FirebaseStorage */,
			);
			productName = AnimeTierList;
			productReference = 0D72A1962BA4167900BE5556 /* AnimeTierList.app */;
			productType = "com.apple.product-type.application";
		};
		0D72A1AA2BA4167A00BE5556 /* AnimeTierListTests */ = {
			isa = PBXNativeTarget;
			buildConfigurationList = 0D72A1C22BA4167A00BE5556 /* Build configuration list for PBXNativeTarget "AnimeTierListTests" */;
			buildPhases = (
				0D72A1A72BA4167A00BE5556 /* Sources */,
				0D72A1A82BA4167A00BE5556 /* Frameworks */,
				0D72A1A92BA4167A00BE5556 /* Resources */,
			);
			buildRules = (
			);
			dependencies = (
				0D72A1AD2BA4167A00BE5556 /* PBXTargetDependency */,
			);
			name = AnimeTierListTests;
			productName = AnimeTierListTests;
			productReference = 0D72A1AB2BA4167A00BE5556 /* AnimeTierListTests.xctest */;
			productType = "com.apple.product-type.bundle.unit-test";
		};
		0D72A1B42BA4167A00BE5556 /* AnimeTierListUITests */ = {
			isa = PBXNativeTarget;
			buildConfigurationList = 0D72A1C52BA4167A00BE5556 /* Build configuration list for PBXNativeTarget "AnimeTierListUITests" */;
			buildPhases = (
				0D72A1B12BA4167A00BE5556 /* Sources */,
				0D72A1B22BA4167A00BE5556 /* Frameworks */,
				0D72A1B32BA4167A00BE5556 /* Resources */,
			);
			buildRules = (
			);
			dependencies = (
				0D72A1B72BA4167A00BE5556 /* PBXTargetDependency */,
			);
			name = AnimeTierListUITests;
			productName = AnimeTierListUITests;
			productReference = 0D72A1B52BA4167A00BE5556 /* AnimeTierListUITests.xctest */;
			productType = "com.apple.product-type.bundle.ui-testing";
		};
/* End PBXNativeTarget section */

/* Begin PBXProject section */
		0D72A18E2BA4167800BE5556 /* Project object */ = {
			isa = PBXProject;
			attributes = {
				BuildIndependentTargetsInParallel = 1;
				LastSwiftUpdateCheck = 1530;
				LastUpgradeCheck = 1530;
				TargetAttributes = {
					0D72A1952BA4167900BE5556 = {
						CreatedOnToolsVersion = 15.3;
					};
					0D72A1AA2BA4167A00BE5556 = {
						CreatedOnToolsVersion = 15.3;
						TestTargetID = 0D72A1952BA4167900BE5556;
					};
					0D72A1B42BA4167A00BE5556 = {
						CreatedOnToolsVersion = 15.3;
						TestTargetID = 0D72A1952BA4167900BE5556;
					};
				};
			};
			buildConfigurationList = 0D72A1912BA4167800BE5556 /* Build configuration list for PBXProject "AnimeTierList" */;
			compatibilityVersion = "Xcode 14.0";
			developmentRegion = en;
			hasScannedForEncodings = 0;
			knownRegions = (
				en,
				Base,
			);
			mainGroup = 0D72A18D2BA4167800BE5556;
			packageReferences = (
				0D72A1F92BA43E5700BE5556 /* XCRemoteSwiftPackageReference "Kingfisher" */,
				0D72A2002BA444A300BE5556 /* XCRemoteSwiftPackageReference "firebase-ios-sdk" */,
			);
			productRefGroup = 0D72A1972BA4167900BE5556 /* Products */;
			projectDirPath = "";
			projectRoot = "";
			targets = (
				0D72A1952BA4167900BE5556 /* AnimeTierList */,
				0D72A1AA2BA4167A00BE5556 /* AnimeTierListTests */,
				0D72A1B42BA4167A00BE5556 /* AnimeTierListUITests */,
			);
		};
/* End PBXProject section */

/* Begin PBXResourcesBuildPhase section */
		0D72A1942BA4167900BE5556 /* Resources */ = {
			isa = PBXResourcesBuildPhase;
			buildActionMask = 2147483647;
			files = (
				0D72A1A12BA4167A00BE5556 /* Preview Assets.xcassets in Resources */,
				0D72A19E2BA4167A00BE5556 /* Assets.xcassets in Resources */,
				0D72A1FD2BA443FA00BE5556 /* GoogleService-Info.plist in Resources */,
			);
			runOnlyForDeploymentPostprocessing = 0;
		};
		0D72A1A92BA4167A00BE5556 /* Resources */ = {
			isa = PBXResourcesBuildPhase;
			buildActionMask = 2147483647;
			files = (
				0D72A1FE2BA443FA00BE5556 /* GoogleService-Info.plist in Resources */,
			);
			runOnlyForDeploymentPostprocessing = 0;
		};
		0D72A1B32BA4167A00BE5556 /* Resources */ = {
			isa = PBXResourcesBuildPhase;
			buildActionMask = 2147483647;
			files = (
				0D72A1FF2BA443FA00BE5556 /* GoogleService-Info.plist in Resources */,
			);
			runOnlyForDeploymentPostprocessing = 0;
		};
/* End PBXResourcesBuildPhase section */

/* Begin PBXSourcesBuildPhase section */
		0D72A1922BA4167900BE5556 /* Sources */ = {
			isa = PBXSourcesBuildPhase;
			buildActionMask = 2147483647;
			files = (
				0D72A1A62BA4167A00BE5556 /* AnimeTierList.xcdatamodeld in Sources */,
				0D72A1F22BA4250900BE5556 /* SearchView.swift in Sources */,
				0D72A1F62BA4250E00BE5556 /* ProfileView.swift in Sources */,
				0D72A1A32BA4167A00BE5556 /* Persistence.swift in Sources */,
				0D72A1C92BA417AE00BE5556 /* SplashView.swift in Sources */,
				0D72A1E52BA424E600BE5556 /* HomeView.swift in Sources */,
				0D72A1EA2BA424FE00BE5556 /* TierListView.swift in Sources */,
				0D72A19C2BA4167900BE5556 /* ContentView.swift in Sources */,
				0D72A1EE2BA4250400BE5556 /* CommunityView.swift in Sources */,
				0D72A19A2BA4167900BE5556 /* AnimeTierListApp.swift in Sources */,
			);
			runOnlyForDeploymentPostprocessing = 0;
		};
		0D72A1A72BA4167A00BE5556 /* Sources */ = {
			isa = PBXSourcesBuildPhase;
			buildActionMask = 2147483647;
			files = (
				0D72A1F32BA4250900BE5556 /* SearchView.swift in Sources */,
				0D72A1B02BA4167A00BE5556 /* AnimeTierListTests.swift in Sources */,
				0D72A1E62BA424E900BE5556 /* HomeView.swift in Sources */,
				0D72A1EF2BA4250400BE5556 /* CommunityView.swift in Sources */,
				0D72A1F72BA4250E00BE5556 /* ProfileView.swift in Sources */,
				0D72A1EB2BA424FE00BE5556 /* TierListView.swift in Sources */,
			);
			runOnlyForDeploymentPostprocessing = 0;
		};
		0D72A1B12BA4167A00BE5556 /* Sources */ = {
			isa = PBXSourcesBuildPhase;
			buildActionMask = 2147483647;
			files = (
				0D72A1EC2BA424FE00BE5556 /* TierListView.swift in Sources */,
				0D72A1E72BA424EA00BE5556 /* HomeView.swift in Sources */,
				0D72A1BA2BA4167A00BE5556 /* AnimeTierListUITests.swift in Sources */,
				0D72A1F02BA4250400BE5556 /* CommunityView.swift in Sources */,
				0D72A1F42BA4250900BE5556 /* SearchView.swift in Sources */,
				0D72A1F82BA4250E00BE5556 /* ProfileView.swift in Sources */,
				0D72A1BC2BA4167A00BE5556 /* AnimeTierListUITestsLaunchTests.swift in Sources */,
			);
			runOnlyForDeploymentPostprocessing = 0;
		};
/* End PBXSourcesBuildPhase section */

/* Begin PBXTargetDependency section */
		0D72A1AD2BA4167A00BE5556 /* PBXTargetDependency */ = {
			isa = PBXTargetDependency;
			target = 0D72A1952BA4167900BE5556 /* AnimeTierList */;
			targetProxy = 0D72A1AC2BA4167A00BE5556 /* PBXContainerItemProxy */;
		};
		0D72A1B72BA4167A00BE5556 /* PBXTargetDependency */ = {
			isa = PBXTargetDependency;
			target = 0D72A1952BA4167900BE5556 /* AnimeTierList */;
			targetProxy = 0D72A1B62BA4167A00BE5556 /* PBXContainerItemProxy */;
		};
/* End PBXTargetDependency section */

/* Begin XCBuildConfiguration section */
		0D72A1BD2BA4167A00BE5556 /* Debug */ = {
			isa = XCBuildConfiguration;
			buildSettings = {
				ALWAYS_SEARCH_USER_PATHS = NO;
				ASSETCATALOG_COMPILER_GENERATE_SWIFT_ASSET_SYMBOL_EXTENSIONS = YES;
				CLANG_ANALYZER_NONNULL = YES;
				CLANG_ANALYZER_NUMBER_OBJECT_CONVERSION = YES_AGGRESSIVE;
				CLANG_CXX_LANGUAGE_STANDARD = "gnu++20";
				CLANG_ENABLE_MODULES = YES;
				CLANG_ENABLE_OBJC_ARC = YES;
				CLANG_ENABLE_OBJC_WEAK = YES;
				CLANG_WARN_BLOCK_CAPTURE_AUTORELEASING = YES;
				CLANG_WARN_BOOL_CONVERSION = YES;
				CLANG_WARN_COMMA = YES;
				CLANG_WARN_CONSTANT_CONVERSION = YES;
				CLANG_WARN_DEPRECATED_OBJC_IMPLEMENTATIONS = YES;
				CLANG_WARN_DIRECT_OBJC_ISA_USAGE = YES_ERROR;
				CLANG_WARN_DOCUMENTATION_COMMENTS = YES;
				CLANG_WARN_EMPTY_BODY = YES;
				CLANG_WARN_ENUM_CONVERSION = YES;
				CLANG_WARN_INFINITE_RECURSION = YES;
				CLANG_WARN_INT_CONVERSION = YES;
				CLANG_WARN_NON_LITERAL_NULL_CONVERSION = YES;
				CLANG_WARN_OBJC_IMPLICIT_RETAIN_SELF = YES;
				CLANG_WARN_OBJC_LITERAL_CONVERSION = YES;
				CLANG_WARN_OBJC_ROOT_CLASS = YES_ERROR;
				CLANG_WARN_QUOTED_INCLUDE_IN_FRAMEWORK_HEADER = YES;
				CLANG_WARN_RANGE_LOOP_ANALYSIS = YES;
				CLANG_WARN_STRICT_PROTOTYPES = YES;
				CLANG_WARN_SUSPICIOUS_MOVE = YES;
				CLANG_WARN_UNGUARDED_AVAILABILITY = YES_AGGRESSIVE;
				CLANG_WARN_UNREACHABLE_CODE = YES;
				CLANG_WARN__DUPLICATE_METHOD_MATCH = YES;
				COPY_PHASE_STRIP = NO;
				DEBUG_INFORMATION_FORMAT = dwarf;
				ENABLE_STRICT_OBJC_MSGSEND = YES;
				ENABLE_TESTABILITY = YES;
				ENABLE_USER_SCRIPT_SANDBOXING = YES;
				GCC_C_LANGUAGE_STANDARD = gnu17;
				GCC_DYNAMIC_NO_PIC = NO;
				GCC_NO_COMMON_BLOCKS = YES;
				GCC_OPTIMIZATION_LEVEL = 0;
				GCC_PREPROCESSOR_DEFINITIONS = (
					"DEBUG=1",
					"$(inherited)",
				);
				GCC_WARN_64_TO_32_BIT_CONVERSION = YES;
				GCC_WARN_ABOUT_RETURN_TYPE = YES_ERROR;
				GCC_WARN_UNDECLARED_SELECTOR = YES;
				GCC_WARN_UNINITIALIZED_AUTOS = YES_AGGRESSIVE;
				GCC_WARN_UNUSED_FUNCTION = YES;
				GCC_WARN_UNUSED_VARIABLE = YES;
				IPHONEOS_DEPLOYMENT_TARGET = 17.4;
				LOCALIZATION_PREFERS_STRING_CATALOGS = YES;
				MTL_ENABLE_DEBUG_INFO = INCLUDE_SOURCE;
				MTL_FAST_MATH = YES;
				ONLY_ACTIVE_ARCH = YES;
				SDKROOT = iphoneos;
				SWIFT_ACTIVE_COMPILATION_CONDITIONS = "DEBUG $(inherited)";
				SWIFT_OPTIMIZATION_LEVEL = "-Onone";
			};
			name = Debug;
		};
		0D72A1BE2BA4167A00BE5556 /* Release */ = {
			isa = XCBuildConfiguration;
			buildSettings = {
				ALWAYS_SEARCH_USER_PATHS = NO;
				ASSETCATALOG_COMPILER_GENERATE_SWIFT_ASSET_SYMBOL_EXTENSIONS = YES;
				CLANG_ANALYZER_NONNULL = YES;
				CLANG_ANALYZER_NUMBER_OBJECT_CONVERSION = YES_AGGRESSIVE;
				CLANG_CXX_LANGUAGE_STANDARD = "gnu++20";
				CLANG_ENABLE_MODULES = YES;
				CLANG_ENABLE_OBJC_ARC = YES;
				CLANG_ENABLE_OBJC_WEAK = YES;
				CLANG_WARN_BLOCK_CAPTURE_AUTORELEASING = YES;
				CLANG_WARN_BOOL_CONVERSION = YES;
				CLANG_WARN_COMMA = YES;
				CLANG_WARN_CONSTANT_CONVERSION = YES;
				CLANG_WARN_DEPRECATED_OBJC_IMPLEMENTATIONS = YES;
				CLANG_WARN_DIRECT_OBJC_ISA_USAGE = YES_ERROR;
				CLANG_WARN_DOCUMENTATION_COMMENTS = YES;
				CLANG_WARN_EMPTY_BODY = YES;
				CLANG_WARN_ENUM_CONVERSION = YES;
				CLANG_WARN_INFINITE_RECURSION = YES;
				CLANG_WARN_INT_CONVERSION = YES;
				CLANG_WARN_NON_LITERAL_NULL_CONVERSION = YES;
				CLANG_WARN_OBJC_IMPLICIT_RETAIN_SELF = YES;
				CLANG_WARN_OBJC_LITERAL_CONVERSION = YES;
				CLANG_WARN_OBJC_ROOT_CLASS = YES_ERROR;
				CLANG_WARN_QUOTED_INCLUDE_IN_FRAMEWORK_HEADER = YES;
				CLANG_WARN_RANGE_LOOP_ANALYSIS = YES;
				CLANG_WARN_STRICT_PROTOTYPES = YES;
				CLANG_WARN_SUSPICIOUS_MOVE = YES;
				CLANG_WARN_UNGUARDED_AVAILABILITY = YES_AGGRESSIVE;
				CLANG_WARN_UNREACHABLE_CODE = YES;
				CLANG_WARN__DUPLICATE_METHOD_MATCH = YES;
				COPY_PHASE_STRIP = NO;
				DEBUG_INFORMATION_FORMAT = "dwarf-with-dsym";
				ENABLE_NS_ASSERTIONS = NO;
				ENABLE_STRICT_OBJC_MSGSEND = YES;
				ENABLE_USER_SCRIPT_SANDBOXING = YES;
				GCC_C_LANGUAGE_STANDARD = gnu17;
				GCC_NO_COMMON_BLOCKS = YES;
				GCC_WARN_64_TO_32_BIT_CONVERSION = YES;
				GCC_WARN_ABOUT_RETURN_TYPE = YES_ERROR;
				GCC_WARN_UNDECLARED_SELECTOR = YES;
				GCC_WARN_UNINITIALIZED_AUTOS = YES_AGGRESSIVE;
				GCC_WARN_UNUSED_FUNCTION = YES;
				GCC_WARN_UNUSED_VARIABLE = YES;
				IPHONEOS_DEPLOYMENT_TARGET = 17.4;
				LOCALIZATION_PREFERS_STRING_CATALOGS = YES;
				MTL_ENABLE_DEBUG_INFO = NO;
				MTL_FAST_MATH = YES;
				SDKROOT = iphoneos;
				SWIFT_COMPILATION_MODE = wholemodule;
				VALIDATE_PRODUCT = YES;
			};
			name = Release;
		};
		0D72A1C02BA4167A00BE5556 /* Debug */ = {
			isa = XCBuildConfiguration;
			buildSettings = {
				ASSETCATALOG_COMPILER_APPICON_NAME = AppIcon;
				ASSETCATALOG_COMPILER_GLOBAL_ACCENT_COLOR_NAME = AccentColor;
				CODE_SIGN_STYLE = Automatic;
				CURRENT_PROJECT_VERSION = 1;
				DEVELOPMENT_ASSET_PATHS = "\"AnimeTierList/Preview Content\"";
				DEVELOPMENT_TEAM = 9NRQ29H5PR;
				ENABLE_PREVIEWS = YES;
				GENERATE_INFOPLIST_FILE = YES;
				INFOPLIST_KEY_UIApplicationSceneManifest_Generation = YES;
				INFOPLIST_KEY_UIApplicationSupportsIndirectInputEvents = YES;
				INFOPLIST_KEY_UILaunchScreen_Generation = YES;
				INFOPLIST_KEY_UISupportedInterfaceOrientations_iPad = "UIInterfaceOrientationPortrait UIInterfaceOrientationPortraitUpsideDown UIInterfaceOrientationLandscapeLeft UIInterfaceOrientationLandscapeRight";
				INFOPLIST_KEY_UISupportedInterfaceOrientations_iPhone = "UIInterfaceOrientationPortrait UIInterfaceOrientationLandscapeLeft UIInterfaceOrientationLandscapeRight";
				LD_RUNPATH_SEARCH_PATHS = (
					"$(inherited)",
					"@executable_path/Frameworks",
				);
				MARKETING_VERSION = 1.0;
				PRODUCT_BUNDLE_IDENTIFIER = com.seongbeomhong.AnimeTierList;
				PRODUCT_NAME = "$(TARGET_NAME)";
				SWIFT_EMIT_LOC_STRINGS = YES;
				SWIFT_VERSION = 5.0;
				TARGETED_DEVICE_FAMILY = "1,2";
			};
			name = Debug;
		};
		0D72A1C12BA4167A00BE5556 /* Release */ = {
			isa = XCBuildConfiguration;
			buildSettings = {
				ASSETCATALOG_COMPILER_APPICON_NAME = AppIcon;
				ASSETCATALOG_COMPILER_GLOBAL_ACCENT_COLOR_NAME = AccentColor;
				CODE_SIGN_STYLE = Automatic;
				CURRENT_PROJECT_VERSION = 1;
				DEVELOPMENT_ASSET_PATHS = "\"AnimeTierList/Preview Content\"";
				DEVELOPMENT_TEAM = 9NRQ29H5PR;
				ENABLE_PREVIEWS = YES;
				GENERATE_INFOPLIST_FILE = YES;
				INFOPLIST_KEY_UIApplicationSceneManifest_Generation = YES;
				INFOPLIST_KEY_UIApplicationSupportsIndirectInputEvents = YES;
				INFOPLIST_KEY_UILaunchScreen_Generation = YES;
				INFOPLIST_KEY_UISupportedInterfaceOrientations_iPad = "UIInterfaceOrientationPortrait UIInterfaceOrientationPortraitUpsideDown UIInterfaceOrientationLandscapeLeft UIInterfaceOrientationLandscapeRight";
				INFOPLIST_KEY_UISupportedInterfaceOrientations_iPhone = "UIInterfaceOrientationPortrait UIInterfaceOrientationLandscapeLeft UIInterfaceOrientationLandscapeRight";
				LD_RUNPATH_SEARCH_PATHS = (
					"$(inherited)",
					"@executable_path/Frameworks",
				);
				MARKETING_VERSION = 1.0;
				PRODUCT_BUNDLE_IDENTIFIER = com.seongbeomhong.AnimeTierList;
				PRODUCT_NAME = "$(TARGET_NAME)";
				SWIFT_EMIT_LOC_STRINGS = YES;
				SWIFT_VERSION = 5.0;
				TARGETED_DEVICE_FAMILY = "1,2";
			};
			name = Release;
		};
		0D72A1C32BA4167A00BE5556 /* Debug */ = {
			isa = XCBuildConfiguration;
			buildSettings = {
				ALWAYS_EMBED_SWIFT_STANDARD_LIBRARIES = YES;
				BUNDLE_LOADER = "$(TEST_HOST)";
				CODE_SIGN_STYLE = Automatic;
				CURRENT_PROJECT_VERSION = 1;
				DEVELOPMENT_TEAM = 9NRQ29H5PR;
				GENERATE_INFOPLIST_FILE = YES;
				IPHONEOS_DEPLOYMENT_TARGET = 17.4;
				MARKETING_VERSION = 1.0;
				PRODUCT_BUNDLE_IDENTIFIER = com.seongbeomhong.AnimeTierListTests;
				PRODUCT_NAME = "$(TARGET_NAME)";
				SWIFT_EMIT_LOC_STRINGS = NO;
				SWIFT_VERSION = 5.0;
				TARGETED_DEVICE_FAMILY = "1,2";
				TEST_HOST = "$(BUILT_PRODUCTS_DIR)/AnimeTierList.app/$(BUNDLE_EXECUTABLE_FOLDER_PATH)/AnimeTierList";
			};
			name = Debug;
		};
		0D72A1C42BA4167A00BE5556 /* Release */ = {
			isa = XCBuildConfiguration;
			buildSettings = {
				ALWAYS_EMBED_SWIFT_STANDARD_LIBRARIES = YES;
				BUNDLE_LOADER = "$(TEST_HOST)";
				CODE_SIGN_STYLE = Automatic;
				CURRENT_PROJECT_VERSION = 1;
				DEVELOPMENT_TEAM = 9NRQ29H5PR;
				GENERATE_INFOPLIST_FILE = YES;
				IPHONEOS_DEPLOYMENT_TARGET = 17.4;
				MARKETING_VERSION = 1.0;
				PRODUCT_BUNDLE_IDENTIFIER = com.seongbeomhong.AnimeTierListTests;
				PRODUCT_NAME = "$(TARGET_NAME)";
				SWIFT_EMIT_LOC_STRINGS = NO;
				SWIFT_VERSION = 5.0;
				TARGETED_DEVICE_FAMILY = "1,2";
				TEST_HOST = "$(BUILT_PRODUCTS_DIR)/AnimeTierList.app/$(BUNDLE_EXECUTABLE_FOLDER_PATH)/AnimeTierList";
			};
			name = Release;
		};
		0D72A1C62BA4167A00BE5556 /* Debug */ = {
			isa = XCBuildConfiguration;
			buildSettings = {
				ALWAYS_EMBED_SWIFT_STANDARD_LIBRARIES = YES;
				CODE_SIGN_STYLE = Automatic;
				CURRENT_PROJECT_VERSION = 1;
				DEVELOPMENT_TEAM = 9NRQ29H5PR;
				GENERATE_INFOPLIST_FILE = YES;
				MARKETING_VERSION = 1.0;
				PRODUCT_BUNDLE_IDENTIFIER = com.seongbeomhong.AnimeTierListUITests;
				PRODUCT_NAME = "$(TARGET_NAME)";
				SWIFT_EMIT_LOC_STRINGS = NO;
				SWIFT_VERSION = 5.0;
				TARGETED_DEVICE_FAMILY = "1,2";
				TEST_TARGET_NAME = AnimeTierList;
			};
			name = Debug;
		};
		0D72A1C72BA4167A00BE5556 /* Release */ = {
			isa = XCBuildConfiguration;
			buildSettings = {
				ALWAYS_EMBED_SWIFT_STANDARD_LIBRARIES = YES;
				CODE_SIGN_STYLE = Automatic;
				CURRENT_PROJECT_VERSION = 1;
				DEVELOPMENT_TEAM = 9NRQ29H5PR;
				GENERATE_INFOPLIST_FILE = YES;
				MARKETING_VERSION = 1.0;
				PRODUCT_BUNDLE_IDENTIFIER = com.seongbeomhong.AnimeTierListUITests;
				PRODUCT_NAME = "$(TARGET_NAME)";
				SWIFT_EMIT_LOC_STRINGS = NO;
				SWIFT_VERSION = 5.0;
				TARGETED_DEVICE_FAMILY = "1,2";
				TEST_TARGET_NAME = AnimeTierList;
			};
			name = Release;
		};
/* End XCBuildConfiguration section */

/* Begin XCConfigurationList section */
		0D72A1912BA4167800BE5556 /* Build configuration list for PBXProject "AnimeTierList" */ = {
			isa = XCConfigurationList;
			buildConfigurations = (
				0D72A1BD2BA4167A00BE5556 /* Debug */,
				0D72A1BE2BA4167A00BE5556 /* Release */,
			);
			defaultConfigurationIsVisible = 0;
			defaultConfigurationName = Release;
		};
		0D72A1BF2BA4167A00BE5556 /* Build configuration list for PBXNativeTarget "AnimeTierList" */ = {
			isa = XCConfigurationList;
			buildConfigurations = (
				0D72A1C02BA4167A00BE5556 /* Debug */,
				0D72A1C12BA4167A00BE5556 /* Release */,
			);
			defaultConfigurationIsVisible = 0;
			defaultConfigurationName = Release;
		};
		0D72A1C22BA4167A00BE5556 /* Build configuration list for PBXNativeTarget "AnimeTierListTests" */ = {
			isa = XCConfigurationList;
			buildConfigurations = (
				0D72A1C32BA4167A00BE5556 /* Debug */,
				0D72A1C42BA4167A00BE5556 /* Release */,
			);
			defaultConfigurationIsVisible = 0;
			defaultConfigurationName = Release;
		};
		0D72A1C52BA4167A00BE5556 /* Build configuration list for PBXNativeTarget "AnimeTierListUITests" */ = {
			isa = XCConfigurationList;
			buildConfigurations = (
				0D72A1C62BA4167A00BE5556 /* Debug */,
				0D72A1C72BA4167A00BE5556 /* Release */,
			);
			defaultConfigurationIsVisible = 0;
			defaultConfigurationName = Release;
		};
/* End XCConfigurationList section */

/* Begin XCRemoteSwiftPackageReference section */
		0D72A1F92BA43E5700BE5556 /* XCRemoteSwiftPackageReference "Kingfisher" */ = {
			isa = XCRemoteSwiftPackageReference;
			repositoryURL = "https://github.com/onevcat/Kingfisher.git";
			requirement = {
				kind = upToNextMajorVersion;
				minimumVersion = 7.11.0;
			};
		};
		0D72A2002BA444A300BE5556 /* XCRemoteSwiftPackageReference "firebase-ios-sdk" */ = {
			isa = XCRemoteSwiftPackageReference;
			repositoryURL = "https://github.com/firebase/firebase-ios-sdk";
			requirement = {
				kind = upToNextMajorVersion;
				minimumVersion = 10.22.1;
			};
		};
/* End XCRemoteSwiftPackageReference section */

/* Begin XCSwiftPackageProductDependency section */
		0D72A1FA2BA43E5700BE5556 /* Kingfisher */ = {
			isa = XCSwiftPackageProductDependency;
			package = 0D72A1F92BA43E5700BE5556 /* XCRemoteSwiftPackageReference "Kingfisher" */;
			productName = Kingfisher;
		};
		0D72A2012BA444A300BE5556 /* FirebaseAnalytics */ = {
			isa = XCSwiftPackageProductDependency;
			package = 0D72A2002BA444A300BE5556 /* XCRemoteSwiftPackageReference "firebase-ios-sdk" */;
			productName = FirebaseAnalytics;
		};
		0D72A2032BA444A300BE5556 /* FirebaseAuth */ = {
			isa = XCSwiftPackageProductDependency;
			package = 0D72A2002BA444A300BE5556 /* XCRemoteSwiftPackageReference "firebase-ios-sdk" */;
			productName = FirebaseAuth;
		};
		0D72A2052BA444A300BE5556 /* FirebaseCrashlytics */ = {
			isa = XCSwiftPackageProductDependency;
			package = 0D72A2002BA444A300BE5556 /* XCRemoteSwiftPackageReference "firebase-ios-sdk" */;
			productName = FirebaseCrashlytics;
		};
		0D72A2072BA444A300BE5556 /* FirebaseFirestore */ = {
			isa = XCSwiftPackageProductDependency;
			package = 0D72A2002BA444A300BE5556 /* XCRemoteSwiftPackageReference "firebase-ios-sdk" */;
			productName = FirebaseFirestore;
		};
		0D72A2092BA444A300BE5556 /* FirebaseFirestoreSwift */ = {
			isa = XCSwiftPackageProductDependency;
			package = 0D72A2002BA444A300BE5556 /* XCRemoteSwiftPackageReference "firebase-ios-sdk" */;
			productName = FirebaseFirestoreSwift;
		};
		0D72A20B2BA444A300BE5556 /* FirebaseFunctions */ = {
			isa = XCSwiftPackageProductDependency;
			package = 0D72A2002BA444A300BE5556 /* XCRemoteSwiftPackageReference "firebase-ios-sdk" */;
			productName = FirebaseFunctions;
		};
		0D72A20D2BA444A300BE5556 /* FirebaseRemoteConfig */ = {
			isa = XCSwiftPackageProductDependency;
			package = 0D72A2002BA444A300BE5556 /* XCRemoteSwiftPackageReference "firebase-ios-sdk" */;
			productName = FirebaseRemoteConfig;
		};
		0D72A20F2BA444A300BE5556 /* FirebaseStorage */ = {
			isa = XCSwiftPackageProductDependency;
			package = 0D72A2002BA444A300BE5556 /* XCRemoteSwiftPackageReference "firebase-ios-sdk" */;
			productName = FirebaseStorage;
		};
/* End XCSwiftPackageProductDependency section */

/* Begin XCVersionGroup section */
		0D72A1A42BA4167A00BE5556 /* AnimeTierList.xcdatamodeld */ = {
			isa = XCVersionGroup;
			children = (
				0D72A1A52BA4167A00BE5556 /* AnimeTierList.xcdatamodel */,
			);
			currentVersion = 0D72A1A52BA4167A00BE5556 /* AnimeTierList.xcdatamodel */;
			path = AnimeTierList.xcdatamodeld;
			sourceTree = "<group>";
			versionGroupType = wrapper.xcdatamodel;
		};
/* End XCVersionGroup section */
	};
	rootObject = 0D72A18E2BA4167800BE5556 /* Project object */;
}
