// !$*UTF8*$!
{
	archiveVersion = 1;
	classes = {
	};
	objectVersion = 56;
	objects = {

/* Begin PBXBuildFile section */
		0D72A19A2BA4167900BE5556 /* AnimeTierListApp.swift in Sources */ = {isa = PBXBuildFile; fileRef = 0D72A1992BA4167900BE5556 /* AnimeTierListApp.swift */; };
		0D72A19C2BA4167900BE5556 /* ContentView.swift in Sources */ = {isa = PBXBuildFile; fileRef = 0D72A19B2BA4167900BE5556 /* ContentView.swift */; };
		0D72A19E2BA4167A00BE5556 /* Assets.xcassets in Resources */ = {isa = PBXBuildFile; fileRef = 0D72A19D2BA4167A00BE5556 /* Assets.xcassets */; };
		0D72A1A12BA4167A00BE5556 /* Preview Assets.xcassets in Resources */ = {isa = PBXBuildFile; fileRef = 0D72A1A02BA4167A00BE5556 /* Preview Assets.xcassets */; };
		0D72A1A32BA4167A00BE5556 /* Persistence.swift in Sources */ = {isa = PBXBuildFile; fileRef = 0D72A1A22BA4167A00BE5556 /* Persistence.swift */; };
		0D72A1A62BA4167A00BE5556 /* AnimeTierList.xcdatamodeld in Sources */ = {isa = PBXBuildFile; fileRef = 0D72A1A42BA4167A00BE5556 /* AnimeTierList.xcdatamodeld */; };
		0D72A1B02BA4167A00BE5556 /* AnimeTierListTests.swift in Sources */ = {isa = PBXBuildFile; fileRef = 0D72A1AF2BA4167A00BE5556 /* AnimeTierListTests.swift */; };
		0D72A1BA2BA4167A00BE5556 /* AnimeTierListUITests.swift in Sources */ = {isa = PBXBuildFile; fileRef = 0D72A1B92BA4167A00BE5556 /* AnimeTierListUITests.swift */; };
		0D72A1BC2BA4167A00BE5556 /* AnimeTierListUITestsLaunchTests.swift in Sources */ = {isa = PBXBuildFile; fileRef = 0D72A1BB2BA4167A00BE5556 /* AnimeTierListUITestsLaunchTests.swift */; };
/* End PBXBuildFile section */

/* Begin PBXContainerItemProxy section */
		0D72A1AC2BA4167A00BE5556 /* PBXContainerItemProxy */ = {
			isa = PBXContainerItemProxy;
			containerPortal = 0D72A18E2BA4167800BE5556 /* Project object */;
			proxyType = 1;
			remoteGlobalIDString = 0D72A1952BA4167900BE5556;
			remoteInfo = AnimeTierList;
		};
		0D72A1B62BA4167A00BE5556 /* PBXContainerItemProxy */ = {
			isa = PBXContainerItemProxy;
			containerPortal = 0D72A18E2BA4167800BE5556 /* Project object */;
			proxyType = 1;
			remoteGlobalIDString = 0D72A1952BA4167900BE5556;
			remoteInfo = AnimeTierList;
		};
/* End PBXContainerItemProxy section */

/* Begin PBXFileReference section */
		0D72A1962BA4167900BE5556 /* AnimeTierList.app */ = {isa = PBXFileReference; explicitFileType = wrapper.application; includeInIndex = 0; path = AnimeTierList.app; sourceTree = BUILT_PRODUCTS_DIR; };
		0D72A1992BA4167900BE5556 /* AnimeTierListApp.swift */ = {isa = PBXFileReference; lastKnownFileType = sourcecode.swift; path = AnimeTierListApp.swift; sourceTree = "<group>"; };
		0D72A19B2BA4167900BE5556 /* ContentView.swift */ = {isa = PBXFileReference; lastKnownFileType = sourcecode.swift; path = ContentView.swift; sourceTree = "<group>"; };
		0D72A19D2BA4167A00BE5556 /* Assets.xcassets */ = {isa = PBXFileReference; lastKnownFileType = folder.assetcatalog; path = Assets.xcassets; sourceTree = "<group>"; };
		0D72A1A02BA4167A00BE5556 /* Preview Assets.xcassets */ = {isa = PBXFileReference; lastKnownFileType = folder.assetcatalog; path = "Preview Assets.xcassets"; sourceTree = "<group>"; };
		0D72A1A22BA4167A00BE5556 /* Persistence.swift */ = {isa = PBXFileReference; lastKnownFileType = sourcecode.swift; path = Persistence.swift; sourceTree = "<group>"; };
		0D72A1A52BA4167A00BE5556 /* AnimeTierList.xcdatamodel */ = {isa = PBXFileReference; lastKnownFileType = wrapper.xcdatamodel; path = AnimeTierList.xcdatamodel; sourceTree = "<group>"; };
		0D72A1AB2BA4167A00BE5556 /* AnimeTierListTests.xctest */ = {isa = PBXFileReference; explicitFileType = wrapper.cfbundle; includeInIndex = 0; path = AnimeTierListTests.xctest; sourceTree = BUILT_PRODUCTS_DIR; };
		0D72A1AF2BA4167A00BE5556 /* AnimeTierListTests.swift */ = {isa = PBXFileReference; lastKnownFileType = sourcecode.swift; path = AnimeTierListTests.swift; sourceTree = "<group>"; };
		0D72A1B52BA4167A00BE5556 /* AnimeTierListUITests.xctest */ = {isa = PBXFileReference; explicitFileType = wrapper.cfbundle; includeInIndex = 0; path = AnimeTierListUITests.xctest; sourceTree = BUILT_PRODUCTS_DIR; };
		0D72A1B92BA4167A00BE5556 /* AnimeTierListUITests.swift */ = {isa = PBXFileReference; lastKnownFileType = sourcecode.swift; path = AnimeTierListUITests.swift; sourceTree = "<group>"; };
		0D72A1BB2BA4167A00BE5556 /* AnimeTierListUITestsLaunchTests.swift */ = {isa = PBXFileReference; lastKnownFileType = sourcecode.swift; path = AnimeTierListUITestsLaunchTests.swift; sourceTree = "<group>"; };
/* End PBXFileReference section */

/* Begin PBXFrameworksBuildPhase section */
		0D72A1932BA4167900BE5556 /* Frameworks */ = {
			isa = PBXFrameworksBuildPhase;
			buildActionMask = 2147483647;
			files = (
			);
			runOnlyForDeploymentPostprocessing = 0;
		};
		0D72A1A82BA4167A00BE5556 /* Frameworks */ = {
			isa = PBXFrameworksBuildPhase;
			buildActionMask = 2147483647;
			files = (
			);
			runOnlyForDeploymentPostprocessing = 0;
		};
		0D72A1B22BA4167A00BE5556 /* Frameworks */ = {
			isa = PBXFrameworksBuildPhase;
			buildActionMask = 2147483647;
			files = (
			);
			runOnlyForDeploymentPostprocessing = 0;
		};
/* End PBXFrameworksBuildPhase section */

/* Begin PBXGroup section */
		0D72A18D2BA4167800BE5556 = {
			isa = PBXGroup;
			children = (
				0D72A1982BA4167900BE5556 /* AnimeTierList */,
				0D72A1AE2BA4167A00BE5556 /* AnimeTierListTests */,
				0D72A1B82BA4167A00BE5556 /* AnimeTierListUITests */,
				0D72A1972BA4167900BE5556 /* Products */,
			);
			sourceTree = "<group>";
		};
		0D72A1972BA4167900BE5556 /* Products */ = {
			isa = PBXGroup;
			children = (
				0D72A1962BA4167900BE5556 /* AnimeTierList.app */,
				0D72A1AB2BA4167A00BE5556 /* AnimeTierListTests.xctest */,
				0D72A1B52BA4167A00BE5556 /* AnimeTierListUITests.xctest */,
			);
			name = Products;
			sourceTree = "<group>";
		};
		0D72A1982BA4167900BE5556 /* AnimeTierList */ = {
			isa = PBXGroup;
			children = (
				0D72A1992BA4167900BE5556 /* AnimeTierListApp.swift */,
				0D72A19B2BA4167900BE5556 /* ContentView.swift */,
				0D72A19D2BA4167A00BE5556 /* Assets.xcassets */,
				0D72A1A22BA4167A00BE5556 /* Persistence.swift */,
				0D72A1A42BA4167A00BE5556 /* AnimeTierList.xcdatamodeld */,
				0D72A19F2BA4167A00BE5556 /* Preview Content */,
			);
			path = AnimeTierList;
			sourceTree = "<group>";
		};
		0D72A19F2BA4167A00BE5556 /* Preview Content */ = {
			isa = PBXGroup;
			children = (
				0D72A1A02BA4167A00BE5556 /* Preview Assets.xcassets */,
			);
			path = "Preview Content";
			sourceTree = "<group>";
		};
		0D72A1AE2BA4167A00BE5556 /* AnimeTierListTests */ = {
			isa = PBXGroup;
			children = (
				0D72A1AF2BA4167A00BE5556 /* AnimeTierListTests.swift */,
			);
			path = AnimeTierListTests;
			sourceTree = "<group>";
		};
		0D72A1B82BA4167A00BE5556 /* AnimeTierListUITests */ = {
			isa = PBXGroup;
			children = (
				0D72A1B92BA4167A00BE5556 /* AnimeTierListUITests.swift */,
				0D72A1BB2BA4167A00BE5556 /* AnimeTierListUITestsLaunchTests.swift */,
			);
			path = AnimeTierListUITests;
			sourceTree = "<group>";
		};
/* End PBXGroup section */

/* Begin PBXNativeTarget section */
		0D72A1952BA4167900BE5556 /* AnimeTierList */ = {
			isa = PBXNativeTarget;
			buildConfigurationList = 0D72A1BF2BA4167A00BE5556 /* Build configuration list for PBXNativeTarget "AnimeTierList" */;
			buildPhases = (
				0D72A1922BA4167900BE5556 /* Sources */,
				0D72A1932BA4167900BE5556 /* Frameworks */,
				0D72A1942BA4167900BE5556 /* Resources */,
			);
			buildRules = (
			);
			dependencies = (
			);
			name = AnimeTierList;
			productName = AnimeTierList;
			productReference = 0D72A1962BA4167900BE5556 /* AnimeTierList.app */;
			productType = "com.apple.product-type.application";
		};
		0D72A1AA2BA4167A00BE5556 /* AnimeTierListTests */ = {
			isa = PBXNativeTarget;
			buildConfigurationList = 0D72A1C22BA4167A00BE5556 /* Build configuration list for PBXNativeTarget "AnimeTierListTests" */;
			buildPhases = (
				0D72A1A72BA4167A00BE5556 /* Sources */,
				0D72A1A82BA4167A00BE5556 /* Frameworks */,
				0D72A1A92BA4167A00BE5556 /* Resources */,
			);
			buildRules = (
			);
			dependencies = (
				0D72A1AD2BA4167A00BE5556 /* PBXTargetDependency */,
			);
			name = AnimeTierListTests;
			productName = AnimeTierListTests;
			productReference = 0D72A1AB2BA4167A00BE5556 /* AnimeTierListTests.xctest */;
			productType = "com.apple.product-type.bundle.unit-test";
		};
		0D72A1B42BA4167A00BE5556 /* AnimeTierListUITests */ = {
			isa = PBXNativeTarget;
			buildConfigurationList = 0D72A1C52BA4167A00BE5556 /* Build configuration list for PBXNativeTarget "AnimeTierListUITests" */;
			buildPhases = (
				0D72A1B12BA4167A00BE5556 /* Sources */,
				0D72A1B22BA4167A00BE5556 /* Frameworks */,
				0D72A1B32BA4167A00BE5556 /* Resources */,
			);
			buildRules = (
			);
			dependencies = (
				0D72A1B72BA4167A00BE5556 /* PBXTargetDependency */,
			);
			name = AnimeTierListUITests;
			productName = AnimeTierListUITests;
			productReference = 0D72A1B52BA4167A00BE5556 /* AnimeTierListUITests.xctest */;
			productType = "com.apple.product-type.bundle.ui-testing";
		};
/* End PBXNativeTarget section */

/* Begin PBXProject section */
		0D72A18E2BA4167800BE5556 /* Project object */ = {
			isa = PBXProject;
			attributes = {
				BuildIndependentTargetsInParallel = 1;
				LastSwiftUpdateCheck = 1530;
				LastUpgradeCheck = 1530;
				TargetAttributes = {
					0D72A1952BA4167900BE5556 = {
						CreatedOnToolsVersion = 15.3;
					};
					0D72A1AA2BA4167A00BE5556 = {
						CreatedOnToolsVersion = 15.3;
						TestTargetID = 0D72A1952BA4167900BE5556;
					};
					0D72A1B42BA4167A00BE5556 = {
						CreatedOnToolsVersion = 15.3;
						TestTargetID = 0D72A1952BA4167900BE5556;
					};
				};
			};
			buildConfigurationList = 0D72A1912BA4167800BE5556 /* Build configuration list for PBXProject "AnimeTierList" */;
			compatibilityVersion = "Xcode 14.0";
			developmentRegion = en;
			hasScannedForEncodings = 0;
			knownRegions = (
				en,
				Base,
			);
			mainGroup = 0D72A18D2BA4167800BE5556;
			productRefGroup = 0D72A1972BA4167900BE5556 /* Products */;
			projectDirPath = "";
			projectRoot = "";
			targets = (
				0D72A1952BA4167900BE5556 /* AnimeTierList */,
				0D72A1AA2BA4167A00BE5556 /* AnimeTierListTests */,
				0D72A1B42BA4167A00BE5556 /* AnimeTierListUITests */,
			);
		};
/* End PBXProject section */

/* Begin PBXResourcesBuildPhase section */
		0D72A1942BA4167900BE5556 /* Resources */ = {
			isa = PBXResourcesBuildPhase;
			buildActionMask = 2147483647;
			files = (
				0D72A1A12BA4167A00BE5556 /* Preview Assets.xcassets in Resources */,
				0D72A19E2BA4167A00BE5556 /* Assets.xcassets in Resources */,
			);
			runOnlyForDeploymentPostprocessing = 0;
		};
		0D72A1A92BA4167A00BE5556 /* Resources */ = {
			isa = PBXResourcesBuildPhase;
			buildActionMask = 2147483647;
			files = (
			);
			runOnlyForDeploymentPostprocessing = 0;
		};
		0D72A1B32BA4167A00BE5556 /* Resources */ = {
			isa = PBXResourcesBuildPhase;
			buildActionMask = 2147483647;
			files = (
			);
			runOnlyForDeploymentPostprocessing = 0;
		};
/* End PBXResourcesBuildPhase section */

/* Begin PBXSourcesBuildPhase section */
		0D72A1922BA4167900BE5556 /* Sources */ = {
			isa = PBXSourcesBuildPhase;
			buildActionMask = 2147483647;
			files = (
				0D72A1A62BA4167A00BE5556 /* AnimeTierList.xcdatamodeld in Sources */,
				0D72A1A32BA4167A00BE5556 /* Persistence.swift in Sources */,
				0D72A19C2BA4167900BE5556 /* ContentView.swift in Sources */,
				0D72A19A2BA4167900BE5556 /* AnimeTierListApp.swift in Sources */,
			);
			runOnlyForDeploymentPostprocessing = 0;
		};
		0D72A1A72BA4167A00BE5556 /* Sources */ = {
			isa = PBXSourcesBuildPhase;
			buildActionMask = 2147483647;
			files = (
				0D72A1B02BA4167A00BE5556 /* AnimeTierListTests.swift in Sources */,
			);
			runOnlyForDeploymentPostprocessing = 0;
		};
		0D72A1B12BA4167A00BE5556 /* Sources */ = {
			isa = PBXSourcesBuildPhase;
			buildActionMask = 2147483647;
			files = (
				0D72A1BA2BA4167A00BE5556 /* AnimeTierListUITests.swift in Sources */,
				0D72A1BC2BA4167A00BE5556 /* AnimeTierListUITestsLaunchTests.swift in Sources */,
			);
			runOnlyForDeploymentPostprocessing = 0;
		};
/* End PBXSourcesBuildPhase section */

/* Begin PBXTargetDependency section */
		0D72A1AD2BA4167A00BE5556 /* PBXTargetDependency */ = {
			isa = PBXTargetDependency;
			target = 0D72A1952BA4167900BE5556 /* AnimeTierList */;
			targetProxy = 0D72A1AC2BA4167A00BE5556 /* PBXContainerItemProxy */;
		};
		0D72A1B72BA4167A00BE5556 /* PBXTargetDependency */ = {
			isa = PBXTargetDependency;
			target = 0D72A1952BA4167900BE5556 /* AnimeTierList */;
			targetProxy = 0D72A1B62BA4167A00BE5556 /* PBXContainerItemProxy */;
		};
/* End PBXTargetDependency section */

/* Begin XCBuildConfiguration section */
		0D72A1BD2BA4167A00BE5556 /* Debug */ = {
			isa = XCBuildConfiguration;
			buildSettings = {
				ALWAYS_SEARCH_USER_PATHS = NO;
				ASSETCATALOG_COMPILER_GENERATE_SWIFT_ASSET_SYMBOL_EXTENSIONS = YES;
				CLANG_ANALYZER_NONNULL = YES;
				CLANG_ANALYZER_NUMBER_OBJECT_CONVERSION = YES_AGGRESSIVE;
				CLANG_CXX_LANGUAGE_STANDARD = "gnu++20";
				CLANG_ENABLE_MODULES = YES;
				CLANG_ENABLE_OBJC_ARC = YES;
				CLANG_ENABLE_OBJC_WEAK = YES;
				CLANG_WARN_BLOCK_CAPTURE_AUTORELEASING = YES;
				CLANG_WARN_BOOL_CONVERSION = YES;
				CLANG_WARN_COMMA = YES;
				CLANG_WARN_CONSTANT_CONVERSION = YES;
				CLANG_WARN_DEPRECATED_OBJC_IMPLEMENTATIONS = YES;
				CLANG_WARN_DIRECT_OBJC_ISA_USAGE = YES_ERROR;
				CLANG_WARN_DOCUMENTATION_COMMENTS = YES;
				CLANG_WARN_EMPTY_BODY = YES;
				CLANG_WARN_ENUM_CONVERSION = YES;
				CLANG_WARN_INFINITE_RECURSION = YES;
				CLANG_WARN_INT_CONVERSION = YES;
				CLANG_WARN_NON_LITERAL_NULL_CONVERSION = YES;
				CLANG_WARN_OBJC_IMPLICIT_RETAIN_SELF = YES;
				CLANG_WARN_OBJC_LITERAL_CONVERSION = YES;
				CLANG_WARN_OBJC_ROOT_CLASS = YES_ERROR;
				CLANG_WARN_QUOTED_INCLUDE_IN_FRAMEWORK_HEADER = YES;
				CLANG_WARN_RANGE_LOOP_ANALYSIS = YES;
				CLANG_WARN_STRICT_PROTOTYPES = YES;
				CLANG_WARN_SUSPICIOUS_MOVE = YES;
				CLANG_WARN_UNGUARDED_AVAILABILITY = YES_AGGRESSIVE;
				CLANG_WARN_UNREACHABLE_CODE = YES;
				CLANG_WARN__DUPLICATE_METHOD_MATCH = YES;
				COPY_PHASE_STRIP = NO;
				DEBUG_INFORMATION_FORMAT = dwarf;
				ENABLE_STRICT_OBJC_MSGSEND = YES;
				ENABLE_TESTABILITY = YES;
				ENABLE_USER_SCRIPT_SANDBOXING = YES;
				GCC_C_LANGUAGE_STANDARD = gnu17;
				GCC_DYNAMIC_NO_PIC = NO;
				GCC_NO_COMMON_BLOCKS = YES;
				GCC_OPTIMIZATION_LEVEL = 0;
				GCC_PREPROCESSOR_DEFINITIONS = (
					"DEBUG=1",
					"$(inherited)",
				);
				GCC_WARN_64_TO_32_BIT_CONVERSION = YES;
				GCC_WARN_ABOUT_RETURN_TYPE = YES_ERROR;
				GCC_WARN_UNDECLARED_SELECTOR = YES;
				GCC_WARN_UNINITIALIZED_AUTOS = YES_AGGRESSIVE;
				GCC_WARN_UNUSED_FUNCTION = YES;
				GCC_WARN_UNUSED_VARIABLE = YES;
				IPHONEOS_DEPLOYMENT_TARGET = 17.4;
				LOCALIZATION_PREFERS_STRING_CATALOGS = YES;
				MTL_ENABLE_DEBUG_INFO = INCLUDE_SOURCE;
				MTL_FAST_MATH = YES;
				ONLY_ACTIVE_ARCH = YES;
				SDKROOT = iphoneos;
				SWIFT_ACTIVE_COMPILATION_CONDITIONS = "DEBUG $(inherited)";
				SWIFT_OPTIMIZATION_LEVEL = "-Onone";
			};
			name = Debug;
		};
		0D72A1BE2BA4167A00BE5556 /* Release */ = {
			isa = XCBuildConfiguration;
			buildSettings = {
				ALWAYS_SEARCH_USER_PATHS = NO;
				ASSETCATALOG_COMPILER_GENERATE_SWIFT_ASSET_SYMBOL_EXTENSIONS = YES;
				CLANG_ANALYZER_NONNULL = YES;
				CLANG_ANALYZER_NUMBER_OBJECT_CONVERSION = YES_AGGRESSIVE;
				CLANG_CXX_LANGUAGE_STANDARD = "gnu++20";
				CLANG_ENABLE_MODULES = YES;
				CLANG_ENABLE_OBJC_ARC = YES;
				CLANG_ENABLE_OBJC_WEAK = YES;
				CLANG_WARN_BLOCK_CAPTURE_AUTORELEASING = YES;
				CLANG_WARN_BOOL_CONVERSION = YES;
				CLANG_WARN_COMMA = YES;
				CLANG_WARN_CONSTANT_CONVERSION = YES;
				CLANG_WARN_DEPRECATED_OBJC_IMPLEMENTATIONS = YES;
				CLANG_WARN_DIRECT_OBJC_ISA_USAGE = YES_ERROR;
				CLANG_WARN_DOCUMENTATION_COMMENTS = YES;
				CLANG_WARN_EMPTY_BODY = YES;
				CLANG_WARN_ENUM_CONVERSION = YES;
				CLANG_WARN_INFINITE_RECURSION = YES;
				CLANG_WARN_INT_CONVERSION = YES;
				CLANG_WARN_NON_LITERAL_NULL_CONVERSION = YES;
				CLANG_WARN_OBJC_IMPLICIT_RETAIN_SELF = YES;
				CLANG_WARN_OBJC_LITERAL_CONVERSION = YES;
				CLANG_WARN_OBJC_ROOT_CLASS = YES_ERROR;
				CLANG_WARN_QUOTED_INCLUDE_IN_FRAMEWORK_HEADER = YES;
				CLANG_WARN_RANGE_LOOP_ANALYSIS = YES;
				CLANG_WARN_STRICT_PROTOTYPES = YES;
				CLANG_WARN_SUSPICIOUS_MOVE = YES;
				CLANG_WARN_UNGUARDED_AVAILABILITY = YES_AGGRESSIVE;
				CLANG_WARN_UNREACHABLE_CODE = YES;
				CLANG_WARN__DUPLICATE_METHOD_MATCH = YES;
				COPY_PHASE_STRIP = NO;
				DEBUG_INFORMATION_FORMAT = "dwarf-with-dsym";
				ENABLE_NS_ASSERTIONS = NO;
				ENABLE_STRICT_OBJC_MSGSEND = YES;
				ENABLE_USER_SCRIPT_SANDBOXING = YES;
				GCC_C_LANGUAGE_STANDARD = gnu17;
				GCC_NO_COMMON_BLOCKS = YES;
				GCC_WARN_64_TO_32_BIT_CONVERSION = YES;
				GCC_WARN_ABOUT_RETURN_TYPE = YES_ERROR;
				GCC_WARN_UNDECLARED_SELECTOR = YES;
				GCC_WARN_UNINITIALIZED_AUTOS = YES_AGGRESSIVE;
				GCC_WARN_UNUSED_FUNCTION = YES;
				GCC_WARN_UNUSED_VARIABLE = YES;
				IPHONEOS_DEPLOYMENT_TARGET = 17.4;
				LOCALIZATION_PREFERS_STRING_CATALOGS = YES;
				MTL_ENABLE_DEBUG_INFO = NO;
				MTL_FAST_MATH = YES;
				SDKROOT = iphoneos;
				SWIFT_COMPILATION_MODE = wholemodule;
				VALIDATE_PRODUCT = YES;
			};
			name = Release;
		};
		0D72A1C02BA4167A00BE5556 /* Debug */ = {
			isa = XCBuildConfiguration;
			buildSettings = {
				ASSETCATALOG_COMPILER_APPICON_NAME = AppIcon;
				ASSETCATALOG_COMPILER_GLOBAL_ACCENT_COLOR_NAME = AccentColor;
				CODE_SIGN_STYLE = Automatic;
				CURRENT_PROJECT_VERSION = 1;
				DEVELOPMENT_ASSET_PATHS = "\"AnimeTierList/Preview Content\"";
				DEVELOPMENT_TEAM = 9NRQ29H5PR;
				ENABLE_PREVIEWS = YES;
				GENERATE_INFOPLIST_FILE = YES;
				INFOPLIST_KEY_UIApplicationSceneManifest_Generation = YES;
				INFOPLIST_KEY_UIApplicationSupportsIndirectInputEvents = YES;
				INFOPLIST_KEY_UILaunchScreen_Generation = YES;
				INFOPLIST_KEY_UISupportedInterfaceOrientations_iPad = "UIInterfaceOrientationPortrait UIInterfaceOrientationPortraitUpsideDown UIInterfaceOrientationLandscapeLeft UIInterfaceOrientationLandscapeRight";
				INFOPLIST_KEY_UISupportedInterfaceOrientations_iPhone = "UIInterfaceOrientationPortrait UIInterfaceOrientationLandscapeLeft UIInterfaceOrientationLandscapeRight";
				LD_RUNPATH_SEARCH_PATHS = (
					"$(inherited)",
					"@executable_path/Frameworks",
				);
				MARKETING_VERSION = 1.0;
				PRODUCT_BUNDLE_IDENTIFIER = com.seongbeomhong.AnimeTierList;
				PRODUCT_NAME = "$(TARGET_NAME)";
				SWIFT_EMIT_LOC_STRINGS = YES;
				SWIFT_VERSION = 5.0;
				TARGETED_DEVICE_FAMILY = "1,2";
			};
			name = Debug;
		};
		0D72A1C12BA4167A00BE5556 /* Release */ = {
			isa = XCBuildConfiguration;
			buildSettings = {
				ASSETCATALOG_COMPILER_APPICON_NAME = AppIcon;
				ASSETCATALOG_COMPILER_GLOBAL_ACCENT_COLOR_NAME = AccentColor;
				CODE_SIGN_STYLE = Automatic;
				CURRENT_PROJECT_VERSION = 1;
				DEVELOPMENT_ASSET_PATHS = "\"AnimeTierList/Preview Content\"";
				DEVELOPMENT_TEAM = 9NRQ29H5PR;
				ENABLE_PREVIEWS = YES;
				GENERATE_INFOPLIST_FILE = YES;
				INFOPLIST_KEY_UIApplicationSceneManifest_Generation = YES;
				INFOPLIST_KEY_UIApplicationSupportsIndirectInputEvents = YES;
				INFOPLIST_KEY_UILaunchScreen_Generation = YES;
				INFOPLIST_KEY_UISupportedInterfaceOrientations_iPad = "UIInterfaceOrientationPortrait UIInterfaceOrientationPortraitUpsideDown UIInterfaceOrientationLandscapeLeft UIInterfaceOrientationLandscapeRight";
				INFOPLIST_KEY_UISupportedInterfaceOrientations_iPhone = "UIInterfaceOrientationPortrait UIInterfaceOrientationLandscapeLeft UIInterfaceOrientationLandscapeRight";
				LD_RUNPATH_SEARCH_PATHS = (
					"$(inherited)",
					"@executable_path/Frameworks",
				);
				MARKETING_VERSION = 1.0;
				PRODUCT_BUNDLE_IDENTIFIER = com.seongbeomhong.AnimeTierList;
				PRODUCT_NAME = "$(TARGET_NAME)";
				SWIFT_EMIT_LOC_STRINGS = YES;
				SWIFT_VERSION = 5.0;
				TARGETED_DEVICE_FAMILY = "1,2";
			};
			name = Release;
		};
		0D72A1C32BA4167A00BE5556 /* Debug */ = {
			isa = XCBuildConfiguration;
			buildSettings = {
				ALWAYS_EMBED_SWIFT_STANDARD_LIBRARIES = YES;
				BUNDLE_LOADER = "$(TEST_HOST)";
				CODE_SIGN_STYLE = Automatic;
				CURRENT_PROJECT_VERSION = 1;
				DEVELOPMENT_TEAM = 9NRQ29H5PR;
				GENERATE_INFOPLIST_FILE = YES;
				IPHONEOS_DEPLOYMENT_TARGET = 17.4;
				MARKETING_VERSION = 1.0;
				PRODUCT_BUNDLE_IDENTIFIER = com.seongbeomhong.AnimeTierListTests;
				PRODUCT_NAME = "$(TARGET_NAME)";
				SWIFT_EMIT_LOC_STRINGS = NO;
				SWIFT_VERSION = 5.0;
				TARGETED_DEVICE_FAMILY = "1,2";
				TEST_HOST = "$(BUILT_PRODUCTS_DIR)/AnimeTierList.app/$(BUNDLE_EXECUTABLE_FOLDER_PATH)/AnimeTierList";
			};
			name = Debug;
		};
		0D72A1C42BA4167A00BE5556 /* Release */ = {
			isa = XCBuildConfiguration;
			buildSettings = {
				ALWAYS_EMBED_SWIFT_STANDARD_LIBRARIES = YES;
				BUNDLE_LOADER = "$(TEST_HOST)";
				CODE_SIGN_STYLE = Automatic;
				CURRENT_PROJECT_VERSION = 1;
				DEVELOPMENT_TEAM = 9NRQ29H5PR;
				GENERATE_INFOPLIST_FILE = YES;
				IPHONEOS_DEPLOYMENT_TARGET = 17.4;
				MARKETING_VERSION = 1.0;
				PRODUCT_BUNDLE_IDENTIFIER = com.seongbeomhong.AnimeTierListTests;
				PRODUCT_NAME = "$(TARGET_NAME)";
				SWIFT_EMIT_LOC_STRINGS = NO;
				SWIFT_VERSION = 5.0;
				TARGETED_DEVICE_FAMILY = "1,2";
				TEST_HOST = "$(BUILT_PRODUCTS_DIR)/AnimeTierList.app/$(BUNDLE_EXECUTABLE_FOLDER_PATH)/AnimeTierList";
			};
			name = Release;
		};
		0D72A1C62BA4167A00BE5556 /* Debug */ = {
			isa = XCBuildConfiguration;
			buildSettings = {
				ALWAYS_EMBED_SWIFT_STANDARD_LIBRARIES = YES;
				CODE_SIGN_STYLE = Automatic;
				CURRENT_PROJECT_VERSION = 1;
				DEVELOPMENT_TEAM = 9NRQ29H5PR;
				GENERATE_INFOPLIST_FILE = YES;
				MARKETING_VERSION = 1.0;
				PRODUCT_BUNDLE_IDENTIFIER = com.seongbeomhong.AnimeTierListUITests;
				PRODUCT_NAME = "$(TARGET_NAME)";
				SWIFT_EMIT_LOC_STRINGS = NO;
				SWIFT_VERSION = 5.0;
				TARGETED_DEVICE_FAMILY = "1,2";
				TEST_TARGET_NAME = AnimeTierList;
			};
			name = Debug;
		};
		0D72A1C72BA4167A00BE5556 /* Release */ = {
			isa = XCBuildConfiguration;
			buildSettings = {
				ALWAYS_EMBED_SWIFT_STANDARD_LIBRARIES = YES;
				CODE_SIGN_STYLE = Automatic;
				CURRENT_PROJECT_VERSION = 1;
				DEVELOPMENT_TEAM = 9NRQ29H5PR;
				GENERATE_INFOPLIST_FILE = YES;
				MARKETING_VERSION = 1.0;
				PRODUCT_BUNDLE_IDENTIFIER = com.seongbeomhong.AnimeTierListUITests;
				PRODUCT_NAME = "$(TARGET_NAME)";
				SWIFT_EMIT_LOC_STRINGS = NO;
				SWIFT_VERSION = 5.0;
				TARGETED_DEVICE_FAMILY = "1,2";
				TEST_TARGET_NAME = AnimeTierList;
			};
			name = Release;
		};
/* End XCBuildConfiguration section */

/* Begin XCConfigurationList section */
		0D72A1912BA4167800BE5556 /* Build configuration list for PBXProject "AnimeTierList" */ = {
			isa = XCConfigurationList;
			buildConfigurations = (
				0D72A1BD2BA4167A00BE5556 /* Debug */,
				0D72A1BE2BA4167A00BE5556 /* Release */,
			);
			defaultConfigurationIsVisible = 0;
			defaultConfigurationName = Release;
		};
		0D72A1BF2BA4167A00BE5556 /* Build configuration list for PBXNativeTarget "AnimeTierList" */ = {
			isa = XCConfigurationList;
			buildConfigurations = (
				0D72A1C02BA4167A00BE5556 /* Debug */,
				0D72A1C12BA4167A00BE5556 /* Release */,
			);
			defaultConfigurationIsVisible = 0;
			defaultConfigurationName = Release;
		};
		0D72A1C22BA4167A00BE5556 /* Build configuration list for PBXNativeTarget "AnimeTierListTests" */ = {
			isa = XCConfigurationList;
			buildConfigurations = (
				0D72A1C32BA4167A00BE5556 /* Debug */,
				0D72A1C42BA4167A00BE5556 /* Release */,
			);
			defaultConfigurationIsVisible = 0;
			defaultConfigurationName = Release;
		};
		0D72A1C52BA4167A00BE5556 /* Build configuration list for PBXNativeTarget "AnimeTierListUITests" */ = {
			isa = XCConfigurationList;
			buildConfigurations = (
				0D72A1C62BA4167A00BE5556 /* Debug */,
				0D72A1C72BA4167A00BE5556 /* Release */,
			);
			defaultConfigurationIsVisible = 0;
			defaultConfigurationName = Release;
		};
/* End XCConfigurationList section */

/* Begin XCVersionGroup section */
		0D72A1A42BA4167A00BE5556 /* AnimeTierList.xcdatamodeld */ = {
			isa = XCVersionGroup;
			children = (
				0D72A1A52BA4167A00BE5556 /* AnimeTierList.xcdatamodel */,
			);
			currentVersion = 0D72A1A52BA4167A00BE5556 /* AnimeTierList.xcdatamodel */;
			path = AnimeTierList.xcdatamodeld;
			sourceTree = "<group>";
			versionGroupType = wrapper.xcdatamodel;
		};
/* End XCVersionGroup section */
	};
	rootObject = 0D72A18E2BA4167800BE5556 /* Project object */;
}
